{
  "version": 4,
  "terraform_version": "0.12.10",
  "serial": 5,
  "lineage": "f9193f99-40bb-f008-5ea9-4d342fef0d10",
  "outputs": {},
  "resources": [
    {
      "mode": "managed",
      "type": "aws_vpc",
      "name": "my-vpc",
      "provider": "provider.aws",
      "instances": [
        {
          "schema_version": 1,
          "attributes": {
            "arn": "arn:aws:ec2:us-east-1:386023520926:vpc/vpc-0ac571480acf64eb3",
            "assign_generated_ipv6_cidr_block": false,
            "cidr_block": "10.0.0.0/16",
            "default_network_acl_id": "acl-07334843358151a76",
            "default_route_table_id": "rtb-07fdc22d5b46729b3",
            "default_security_group_id": "sg-06e7015537e24cb47",
            "dhcp_options_id": "dopt-79d3cd02",
            "enable_classiclink": false,
            "enable_classiclink_dns_support": false,
            "enable_dns_hostnames": false,
            "enable_dns_support": true,
            "id": "vpc-0ac571480acf64eb3",
            "instance_tenancy": "default",
            "ipv6_association_id": "",
            "ipv6_cidr_block": "",
            "main_route_table_id": "rtb-07fdc22d5b46729b3",
            "owner_id": "386023520926",
            "tags": null
          },
          "private": "eyJzY2hlbWFfdmVyc2lvbiI6IjEifQ=="
        }
      ]
    }
  ]
}
